
Microsoft Visual Studio Solution File, Format Version 12.00
# Visual Studio Version 17
VisualStudioVersion = 17.7.34031.279
MinimumVisualStudioVersion = 10.0.40219.1
Project("{FAE04EC0-301F-11D3-BF4B-00C04F79EFBC}") = "BlazorApp1.Server", "Server\BlazorApp1.Server.csproj", "{29C57C55-97C2-456E-BC82-02CA77BC98C1}"
EndProject
Project("{FAE04EC0-301F-11D3-BF4B-00C04F79EFBC}") = "BlazorApp1.Client", "Client\BlazorApp1.Client.csproj", "{00503E13-AFA3-4D98-8C9F-E1D3F64EC170}"
EndProject
Project("{FAE04EC0-301F-11D3-BF4B-00C04F79EFBC}") = "BlazorApp1.Shared", "Shared\BlazorApp1.Shared.csproj", "{BDE068A3-0617-4A03-9003-B00AFEC24F20}"
EndProject
Global
	GlobalSection(SolutionConfigurationPlatforms) = preSolution
		Debug|Any CPU = Debug|Any CPU
		Release|Any CPU = Release|Any CPU
	EndGlobalSection
	GlobalSection(ProjectConfigurationPlatforms) = postSolution
		{29C57C55-97C2-456E-BC82-02CA77BC98C1}.Debug|Any CPU.ActiveCfg = Debug|Any CPU
		{29C57C55-97C2-456E-BC82-02CA77BC98C1}.Debug|Any CPU.Build.0 = Debug|Any CPU
		{29C57C55-97C2-456E-BC82-02CA77BC98C1}.Release|Any CPU.ActiveCfg = Release|Any CPU
		{29C57C55-97C2-456E-BC82-02CA77BC98C1}.Release|Any CPU.Build.0 = Release|Any CPU
		{00503E13-AFA3-4D98-8C9F-E1D3F64EC170}.Debug|Any CPU.ActiveCfg = Debug|Any CPU
		{00503E13-AFA3-4D98-8C9F-E1D3F64EC170}.Debug|Any CPU.Build.0 = Debug|Any CPU
		{00503E13-AFA3-4D98-8C9F-E1D3F64EC170}.Release|Any CPU.ActiveCfg = Release|Any CPU
		{00503E13-AFA3-4D98-8C9F-E1D3F64EC170}.Release|Any CPU.Build.0 = Release|Any CPU
		{BDE068A3-0617-4A03-9003-B00AFEC24F20}.Debug|Any CPU.ActiveCfg = Debug|Any CPU
		{BDE068A3-0617-4A03-9003-B00AFEC24F20}.Debug|Any CPU.Build.0 = Debug|Any CPU
		{BDE068A3-0617-4A03-9003-B00AFEC24F20}.Release|Any CPU.ActiveCfg = Release|Any CPU
		{BDE068A3-0617-4A03-9003-B00AFEC24F20}.Release|Any CPU.Build.0 = Release|Any CPU
	EndGlobalSection
	GlobalSection(SolutionProperties) = preSolution
		HideSolutionNode = FALSE
	EndGlobalSection
	GlobalSection(ExtensibilityGlobals) = postSolution
		SolutionGuid = {A48BCEDE-DDEF-4D33-8A9C-B96A2B3F765B}
	EndGlobalSection
EndGlobal
